
Microsoft Visual Studio Solution File, Format Version 12.00
# Visual Studio Version 16
VisualStudioVersion = 25.0.1700.7
MinimumVisualStudioVersion = 10.0.40219.1
Project("{FAE04EC0-301F-11D3-BF4B-00C04F79EFBC}") = "az204-coreapp", "az204-coreapp\az204-coreapp.csproj", "{9B1A6FA5-6FF3-43D7-9B90-6CAC183B491D}"
EndProject
Global
	GlobalSection(SolutionConfigurationPlatforms) = preSolution
		Debug|Any CPU = Debug|Any CPU
		Release|Any CPU = Release|Any CPU
	EndGlobalSection
	GlobalSection(ProjectConfigurationPlatforms) = postSolution
		{9B1A6FA5-6FF3-43D7-9B90-6CAC183B491D}.Debug|Any CPU.ActiveCfg = Debug|Any CPU
		{9B1A6FA5-6FF3-43D7-9B90-6CAC183B491D}.Debug|Any CPU.Build.0 = Debug|Any CPU
		{9B1A6FA5-6FF3-43D7-9B90-6CAC183B491D}.Release|Any CPU.ActiveCfg = Release|Any CPU
		{9B1A6FA5-6FF3-43D7-9B90-6CAC183B491D}.Release|Any CPU.Build.0 = Release|Any CPU
	EndGlobalSection
	GlobalSection(SolutionProperties) = preSolution
		HideSolutionNode = FALSE
	EndGlobalSection
	GlobalSection(ExtensibilityGlobals) = postSolution
		SolutionGuid = {74A41F0E-1C29-4315-8BAD-31A12853CF82}
	EndGlobalSection
EndGlobal
